
Microsoft Visual Studio Solution File, Format Version 12.00
Project("{2150E333-8FDC-42A3-9474-1A3956D46DE8}") = "src", "src", "{696D2CA8-E99D-4C11-B7C6-B489483D15A5}"
EndProject
Project("{2150E333-8FDC-42A3-9474-1A3956D46DE8}") = "tests", "tests", "{9CDC27D8-C88B-427D-8192-FCACB9D18F77}"
EndProject
Project("{FAE04EC0-301F-11D3-BF4B-00C04F79EFBC}") = "Domain", "src\Domain\Domain.csproj", "{45B35E39-EEAA-4B8C-AA66-2EAF0C73E812}"
EndProject
Project("{FAE04EC0-301F-11D3-BF4B-00C04F79EFBC}") = "Infrastructure", "src\Infrastructure\Infrastructure.csproj", "{BFF38342-BC71-4FEF-BF4C-6D88D3DFA286}"
EndProject
Project("{FAE04EC0-301F-11D3-BF4B-00C04F79EFBC}") = "Application", "src\Application\Application.csproj", "{CA0E0F0D-C6DE-45F5-A839-CD95702F1BE3}"
EndProject
Project("{2150E333-8FDC-42A3-9474-1A3956D46DE8}") = "solutionItems", "solutionItems", "{4CCD5E7B-896E-4D2F-BFF4-7FA7BAA3DEBA}"
	ProjectSection(SolutionItems) = preProject
		.editorconfig = .editorconfig
		Directory.Build.props = Directory.Build.props
		Directory.Packages.props = Directory.Packages.props
		global.json = global.json
	EndProjectSection
EndProject
Project("{FAE04EC0-301F-11D3-BF4B-00C04F79EFBC}") = "BlazorApp", "src\BlazorApp\BlazorApp.csproj", "{24FA1BF4-341B-486A-B62B-60ADEAABB380}"
EndProject
Project("{FAE04EC0-301F-11D3-BF4B-00C04F79EFBC}") = "Contracts", "src\Contracts\Contracts.csproj", "{F30FF083-E9A9-40F9-AC4E-758EAFF87E4D}"
EndProject
Project("{FAE04EC0-301F-11D3-BF4B-00C04F79EFBC}") = "Server", "src\Server\Server.csproj", "{34A100F0-4662-4D0C-BA78-E7DBFBC37B2C}"
EndProject
Project("{FAE04EC0-301F-11D3-BF4B-00C04F79EFBC}") = "Server.IntegrationTests", "tests\Server.IntegrationTests\Server.IntegrationTests.csproj", "{424EBE80-33BB-4C61-ACD3-B9D4611D7693}"
EndProject
Global
	GlobalSection(SolutionConfigurationPlatforms) = preSolution
		Debug|Any CPU = Debug|Any CPU
		Debug|x64 = Debug|x64
		Debug|x86 = Debug|x86
		Release|Any CPU = Release|Any CPU
		Release|x64 = Release|x64
		Release|x86 = Release|x86
	EndGlobalSection
	GlobalSection(ProjectConfigurationPlatforms) = postSolution
		{45B35E39-EEAA-4B8C-AA66-2EAF0C73E812}.Debug|Any CPU.ActiveCfg = Debug|Any CPU
		{45B35E39-EEAA-4B8C-AA66-2EAF0C73E812}.Debug|Any CPU.Build.0 = Debug|Any CPU
		{45B35E39-EEAA-4B8C-AA66-2EAF0C73E812}.Debug|x64.ActiveCfg = Debug|Any CPU
		{45B35E39-EEAA-4B8C-AA66-2EAF0C73E812}.Debug|x64.Build.0 = Debug|Any CPU
		{45B35E39-EEAA-4B8C-AA66-2EAF0C73E812}.Debug|x86.ActiveCfg = Debug|Any CPU
		{45B35E39-EEAA-4B8C-AA66-2EAF0C73E812}.Debug|x86.Build.0 = Debug|Any CPU
		{45B35E39-EEAA-4B8C-AA66-2EAF0C73E812}.Release|Any CPU.ActiveCfg = Release|Any CPU
		{45B35E39-EEAA-4B8C-AA66-2EAF0C73E812}.Release|Any CPU.Build.0 = Release|Any CPU
		{45B35E39-EEAA-4B8C-AA66-2EAF0C73E812}.Release|x64.ActiveCfg = Release|Any CPU
		{45B35E39-EEAA-4B8C-AA66-2EAF0C73E812}.Release|x64.Build.0 = Release|Any CPU
		{45B35E39-EEAA-4B8C-AA66-2EAF0C73E812}.Release|x86.ActiveCfg = Release|Any CPU
		{45B35E39-EEAA-4B8C-AA66-2EAF0C73E812}.Release|x86.Build.0 = Release|Any CPU
		{BFF38342-BC71-4FEF-BF4C-6D88D3DFA286}.Debug|Any CPU.ActiveCfg = Debug|Any CPU
		{BFF38342-BC71-4FEF-BF4C-6D88D3DFA286}.Debug|Any CPU.Build.0 = Debug|Any CPU
		{BFF38342-BC71-4FEF-BF4C-6D88D3DFA286}.Debug|x64.ActiveCfg = Debug|Any CPU
		{BFF38342-BC71-4FEF-BF4C-6D88D3DFA286}.Debug|x64.Build.0 = Debug|Any CPU
		{BFF38342-BC71-4FEF-BF4C-6D88D3DFA286}.Debug|x86.ActiveCfg = Debug|Any CPU
		{BFF38342-BC71-4FEF-BF4C-6D88D3DFA286}.Debug|x86.Build.0 = Debug|Any CPU
		{BFF38342-BC71-4FEF-BF4C-6D88D3DFA286}.Release|Any CPU.ActiveCfg = Release|Any CPU
		{BFF38342-BC71-4FEF-BF4C-6D88D3DFA286}.Release|Any CPU.Build.0 = Release|Any CPU
		{BFF38342-BC71-4FEF-BF4C-6D88D3DFA286}.Release|x64.ActiveCfg = Release|Any CPU
		{BFF38342-BC71-4FEF-BF4C-6D88D3DFA286}.Release|x64.Build.0 = Release|Any CPU
		{BFF38342-BC71-4FEF-BF4C-6D88D3DFA286}.Release|x86.ActiveCfg = Release|Any CPU
		{BFF38342-BC71-4FEF-BF4C-6D88D3DFA286}.Release|x86.Build.0 = Release|Any CPU
		{CA0E0F0D-C6DE-45F5-A839-CD95702F1BE3}.Debug|Any CPU.ActiveCfg = Debug|Any CPU
		{CA0E0F0D-C6DE-45F5-A839-CD95702F1BE3}.Debug|Any CPU.Build.0 = Debug|Any CPU
		{CA0E0F0D-C6DE-45F5-A839-CD95702F1BE3}.Debug|x64.ActiveCfg = Debug|Any CPU
		{CA0E0F0D-C6DE-45F5-A839-CD95702F1BE3}.Debug|x64.Build.0 = Debug|Any CPU
		{CA0E0F0D-C6DE-45F5-A839-CD95702F1BE3}.Debug|x86.ActiveCfg = Debug|Any CPU
		{CA0E0F0D-C6DE-45F5-A839-CD95702F1BE3}.Debug|x86.Build.0 = Debug|Any CPU
		{CA0E0F0D-C6DE-45F5-A839-CD95702F1BE3}.Release|Any CPU.ActiveCfg = Release|Any CPU
		{CA0E0F0D-C6DE-45F5-A839-CD95702F1BE3}.Release|Any CPU.Build.0 = Release|Any CPU
		{CA0E0F0D-C6DE-45F5-A839-CD95702F1BE3}.Release|x64.ActiveCfg = Release|Any CPU
		{CA0E0F0D-C6DE-45F5-A839-CD95702F1BE3}.Release|x64.Build.0 = Release|Any CPU
		{CA0E0F0D-C6DE-45F5-A839-CD95702F1BE3}.Release|x86.ActiveCfg = Release|Any CPU
		{CA0E0F0D-C6DE-45F5-A839-CD95702F1BE3}.Release|x86.Build.0 = Release|Any CPU
		{24FA1BF4-341B-486A-B62B-60ADEAABB380}.Debug|Any CPU.ActiveCfg = Debug|Any CPU
		{24FA1BF4-341B-486A-B62B-60ADEAABB380}.Debug|Any CPU.Build.0 = Debug|Any CPU
		{24FA1BF4-341B-486A-B62B-60ADEAABB380}.Debug|x64.ActiveCfg = Debug|Any CPU
		{24FA1BF4-341B-486A-B62B-60ADEAABB380}.Debug|x64.Build.0 = Debug|Any CPU
		{24FA1BF4-341B-486A-B62B-60ADEAABB380}.Debug|x86.ActiveCfg = Debug|Any CPU
		{24FA1BF4-341B-486A-B62B-60ADEAABB380}.Debug|x86.Build.0 = Debug|Any CPU
		{24FA1BF4-341B-486A-B62B-60ADEAABB380}.Release|Any CPU.ActiveCfg = Release|Any CPU
		{24FA1BF4-341B-486A-B62B-60ADEAABB380}.Release|Any CPU.Build.0 = Release|Any CPU
		{24FA1BF4-341B-486A-B62B-60ADEAABB380}.Release|x64.ActiveCfg = Release|Any CPU
		{24FA1BF4-341B-486A-B62B-60ADEAABB380}.Release|x64.Build.0 = Release|Any CPU
		{24FA1BF4-341B-486A-B62B-60ADEAABB380}.Release|x86.ActiveCfg = Release|Any CPU
		{24FA1BF4-341B-486A-B62B-60ADEAABB380}.Release|x86.Build.0 = Release|Any CPU
		{F30FF083-E9A9-40F9-AC4E-758EAFF87E4D}.Debug|Any CPU.ActiveCfg = Debug|Any CPU
		{F30FF083-E9A9-40F9-AC4E-758EAFF87E4D}.Debug|Any CPU.Build.0 = Debug|Any CPU
		{F30FF083-E9A9-40F9-AC4E-758EAFF87E4D}.Debug|x64.ActiveCfg = Debug|Any CPU
		{F30FF083-E9A9-40F9-AC4E-758EAFF87E4D}.Debug|x64.Build.0 = Debug|Any CPU
		{F30FF083-E9A9-40F9-AC4E-758EAFF87E4D}.Debug|x86.ActiveCfg = Debug|Any CPU
		{F30FF083-E9A9-40F9-AC4E-758EAFF87E4D}.Debug|x86.Build.0 = Debug|Any CPU
		{F30FF083-E9A9-40F9-AC4E-758EAFF87E4D}.Release|Any CPU.ActiveCfg = Release|Any CPU
		{F30FF083-E9A9-40F9-AC4E-758EAFF87E4D}.Release|Any CPU.Build.0 = Release|Any CPU
		{F30FF083-E9A9-40F9-AC4E-758EAFF87E4D}.Release|x64.ActiveCfg = Release|Any CPU
		{F30FF083-E9A9-40F9-AC4E-758EAFF87E4D}.Release|x64.Build.0 = Release|Any CPU
		{F30FF083-E9A9-40F9-AC4E-758EAFF87E4D}.Release|x86.ActiveCfg = Release|Any CPU
		{F30FF083-E9A9-40F9-AC4E-758EAFF87E4D}.Release|x86.Build.0 = Release|Any CPU
		{34A100F0-4662-4D0C-BA78-E7DBFBC37B2C}.Debug|Any CPU.ActiveCfg = Debug|Any CPU
		{34A100F0-4662-4D0C-BA78-E7DBFBC37B2C}.Debug|Any CPU.Build.0 = Debug|Any CPU
		{34A100F0-4662-4D0C-BA78-E7DBFBC37B2C}.Debug|x64.ActiveCfg = Debug|Any CPU
		{34A100F0-4662-4D0C-BA78-E7DBFBC37B2C}.Debug|x64.Build.0 = Debug|Any CPU
		{34A100F0-4662-4D0C-BA78-E7DBFBC37B2C}.Debug|x86.ActiveCfg = Debug|Any CPU
		{34A100F0-4662-4D0C-BA78-E7DBFBC37B2C}.Debug|x86.Build.0 = Debug|Any CPU
		{34A100F0-4662-4D0C-BA78-E7DBFBC37B2C}.Release|Any CPU.ActiveCfg = Release|Any CPU
		{34A100F0-4662-4D0C-BA78-E7DBFBC37B2C}.Release|Any CPU.Build.0 = Release|Any CPU
		{34A100F0-4662-4D0C-BA78-E7DBFBC37B2C}.Release|x64.ActiveCfg = Release|Any CPU
		{34A100F0-4662-4D0C-BA78-E7DBFBC37B2C}.Release|x64.Build.0 = Release|Any CPU
		{34A100F0-4662-4D0C-BA78-E7DBFBC37B2C}.Release|x86.ActiveCfg = Release|Any CPU
		{34A100F0-4662-4D0C-BA78-E7DBFBC37B2C}.Release|x86.Build.0 = Release|Any CPU
		{424EBE80-33BB-4C61-ACD3-B9D4611D7693}.Debug|Any CPU.ActiveCfg = Debug|Any CPU
		{424EBE80-33BB-4C61-ACD3-B9D4611D7693}.Debug|Any CPU.Build.0 = Debug|Any CPU
		{424EBE80-33BB-4C61-ACD3-B9D4611D7693}.Debug|x64.ActiveCfg = Debug|Any CPU
		{424EBE80-33BB-4C61-ACD3-B9D4611D7693}.Debug|x64.Build.0 = Debug|Any CPU
		{424EBE80-33BB-4C61-ACD3-B9D4611D7693}.Debug|x86.ActiveCfg = Debug|Any CPU
		{424EBE80-33BB-4C61-ACD3-B9D4611D7693}.Debug|x86.Build.0 = Debug|Any CPU
		{424EBE80-33BB-4C61-ACD3-B9D4611D7693}.Release|Any CPU.ActiveCfg = Release|Any CPU
		{424EBE80-33BB-4C61-ACD3-B9D4611D7693}.Release|Any CPU.Build.0 = Release|Any CPU
		{424EBE80-33BB-4C61-ACD3-B9D4611D7693}.Release|x64.ActiveCfg = Release|Any CPU
		{424EBE80-33BB-4C61-ACD3-B9D4611D7693}.Release|x64.Build.0 = Release|Any CPU
		{424EBE80-33BB-4C61-ACD3-B9D4611D7693}.Release|x86.ActiveCfg = Release|Any CPU
		{424EBE80-33BB-4C61-ACD3-B9D4611D7693}.Release|x86.Build.0 = Release|Any CPU
	EndGlobalSection
	GlobalSection(SolutionProperties) = preSolution
		HideSolutionNode = FALSE
	EndGlobalSection
	GlobalSection(NestedProjects) = preSolution
		{45B35E39-EEAA-4B8C-AA66-2EAF0C73E812} = {696D2CA8-E99D-4C11-B7C6-B489483D15A5}
		{BFF38342-BC71-4FEF-BF4C-6D88D3DFA286} = {696D2CA8-E99D-4C11-B7C6-B489483D15A5}
		{CA0E0F0D-C6DE-45F5-A839-CD95702F1BE3} = {696D2CA8-E99D-4C11-B7C6-B489483D15A5}
		{24FA1BF4-341B-486A-B62B-60ADEAABB380} = {696D2CA8-E99D-4C11-B7C6-B489483D15A5}
		{F30FF083-E9A9-40F9-AC4E-758EAFF87E4D} = {696D2CA8-E99D-4C11-B7C6-B489483D15A5}
		{34A100F0-4662-4D0C-BA78-E7DBFBC37B2C} = {696D2CA8-E99D-4C11-B7C6-B489483D15A5}
		{424EBE80-33BB-4C61-ACD3-B9D4611D7693} = {9CDC27D8-C88B-427D-8192-FCACB9D18F77}
	EndGlobalSection
EndGlobal
